{
    "version": 3,
    "terraform_version": "0.11.8",
    "serial": 3,
    "lineage": "46db30c8-294d-98dd-6eb7-f3f415e76020",
    "modules": [
        {
            "path": [
                "root"
            ],
            "outputs": {},
            "resources": {
                "aws_instance.example-pablopaho": {
                    "type": "aws_instance",
                    "depends_on": [],
                    "primary": {
                        "id": "i-0288f5af0e430654c",
                        "attributes": {
                            "ami": "ami-059e7901352ebaef8",
                            "arn": "arn:aws:ec2:us-west-1:663417334482:instance/i-0288f5af0e430654c",
                            "associate_public_ip_address": "true",
                            "availability_zone": "us-west-1b",
                            "cpu_core_count": "1",
                            "cpu_threads_per_core": "1",
                            "credit_specification.#": "1",
                            "credit_specification.0.cpu_credits": "standard",
                            "disable_api_termination": "false",
                            "ebs_block_device.#": "0",
                            "ebs_optimized": "false",
                            "ephemeral_block_device.#": "0",
                            "get_password_data": "false",
                            "iam_instance_profile": "",
                            "id": "i-0288f5af0e430654c",
                            "instance_state": "running",
                            "instance_type": "t2.nano",
                            "ipv6_addresses.#": "0",
                            "key_name": "",
                            "monitoring": "false",
                            "network_interface.#": "0",
                            "network_interface_id": "eni-015ddc68fd452709f",
                            "password_data": "",
                            "placement_group": "",
                            "primary_network_interface_id": "eni-015ddc68fd452709f",
                            "private_dns": "ip-172-31-13-154.us-west-1.compute.internal",
                            "private_ip": "172.31.13.154",
                            "public_dns": "ec2-54-153-62-192.us-west-1.compute.amazonaws.com",
                            "public_ip": "54.153.62.192",
                            "root_block_device.#": "1",
                            "root_block_device.0.delete_on_termination": "true",
                            "root_block_device.0.iops": "100",
                            "root_block_device.0.volume_id": "vol-07eeb702872de49fc",
                            "root_block_device.0.volume_size": "8",
                            "root_block_device.0.volume_type": "gp2",
                            "security_groups.#": "1",
                            "security_groups.3814588639": "default",
                            "source_dest_check": "true",
                            "subnet_id": "subnet-87ae6bdf",
                            "tags.%": "1",
                            "tags.Name": "terraform-example-pablopaho",
                            "tenancy": "default",
                            "volume_tags.%": "0",
                            "vpc_security_group_ids.#": "1",
                            "vpc_security_group_ids.2641384860": "sg-ff899b9b"
                        },
                        "meta": {
                            "e2bfb730-ecaa-11e6-8f88-34363bc7c4c0": {
                                "create": 600000000000,
                                "delete": 1200000000000,
                                "update": 600000000000
                            },
                            "schema_version": "1"
                        },
                        "tainted": false
                    },
                    "deposed": [],
                    "provider": "provider.aws"
                }
            },
            "depends_on": []
        }
    ]
}
